
Microsoft Visual Studio Solution File, Format Version 12.00
# Visual Studio Version 16
VisualStudioVersion = 16.0.30611.23
MinimumVisualStudioVersion = 10.0.40219.1
Project("{FAE04EC0-301F-11D3-BF4B-00C04F79EFBC}") = "Video_Rental", "Video_Rental.csproj", "{75C4C9BE-FFFC-45A4-B073-910C17B8E06D}"
EndProject
Project("{FAE04EC0-301F-11D3-BF4B-00C04F79EFBC}") = "Video_rental_unit_testing", "Video_rental_unit_testing\Video_rental_unit_testing.csproj", "{ED5E0CA1-DE96-4878-AAD9-F8BACE54E288}"
EndProject
Global
	GlobalSection(SolutionConfigurationPlatforms) = preSolution
		Debug|Any CPU = Debug|Any CPU
		Release|Any CPU = Release|Any CPU
	EndGlobalSection
	GlobalSection(ProjectConfigurationPlatforms) = postSolution
		{75C4C9BE-FFFC-45A4-B073-910C17B8E06D}.Debug|Any CPU.ActiveCfg = Debug|Any CPU
		{75C4C9BE-FFFC-45A4-B073-910C17B8E06D}.Debug|Any CPU.Build.0 = Debug|Any CPU
		{75C4C9BE-FFFC-45A4-B073-910C17B8E06D}.Release|Any CPU.ActiveCfg = Release|Any CPU
		{75C4C9BE-FFFC-45A4-B073-910C17B8E06D}.Release|Any CPU.Build.0 = Release|Any CPU
		{ED5E0CA1-DE96-4878-AAD9-F8BACE54E288}.Debug|Any CPU.ActiveCfg = Debug|Any CPU
		{ED5E0CA1-DE96-4878-AAD9-F8BACE54E288}.Debug|Any CPU.Build.0 = Debug|Any CPU
		{ED5E0CA1-DE96-4878-AAD9-F8BACE54E288}.Release|Any CPU.ActiveCfg = Release|Any CPU
		{ED5E0CA1-DE96-4878-AAD9-F8BACE54E288}.Release|Any CPU.Build.0 = Release|Any CPU
	EndGlobalSection
	GlobalSection(SolutionProperties) = preSolution
		HideSolutionNode = FALSE
	EndGlobalSection
	GlobalSection(ExtensibilityGlobals) = postSolution
		SolutionGuid = {BE134675-17F5-493E-839E-A77A19E80F0F}
	EndGlobalSection
EndGlobal
